
Microsoft Visual Studio Solution File, Format Version 12.00
# Visual Studio Version 17
VisualStudioVersion = 17.2.32516.85
MinimumVisualStudioVersion = 10.0.40219.1
Project("{9A19103F-16F7-4668-BE54-9A1E7A4F7556}") = "CalculosBasicos.Server", "CalculosBasicos\Server\CalculosBasicos.Server.csproj", "{0A9514A5-463B-4668-BB12-BAE14A44BAA0}"
EndProject
Project("{9A19103F-16F7-4668-BE54-9A1E7A4F7556}") = "CalculosBasicos.Client", "CalculosBasicos\Client\CalculosBasicos.Client.csproj", "{539A2E81-C147-46F7-95F0-D209A5EAC695}"
EndProject
Project("{9A19103F-16F7-4668-BE54-9A1E7A4F7556}") = "CalculosBasicos.Shared", "CalculosBasicos\Shared\CalculosBasicos.Shared.csproj", "{64566776-6E08-4C4A-8831-FB0FA5F7CF74}"
EndProject
Project("{9A19103F-16F7-4668-BE54-9A1E7A4F7556}") = "CalculosBasicos.Bussiness", "CalculosBasicos.Bussiness\CalculosBasicos.Bussiness.csproj", "{4FFA25C4-3232-4A96-B865-D34D63698B0E}"
EndProject
Global
	GlobalSection(SolutionConfigurationPlatforms) = preSolution
		Debug|Any CPU = Debug|Any CPU
		Release|Any CPU = Release|Any CPU
	EndGlobalSection
	GlobalSection(ProjectConfigurationPlatforms) = postSolution
		{0A9514A5-463B-4668-BB12-BAE14A44BAA0}.Debug|Any CPU.ActiveCfg = Debug|Any CPU
		{0A9514A5-463B-4668-BB12-BAE14A44BAA0}.Debug|Any CPU.Build.0 = Debug|Any CPU
		{0A9514A5-463B-4668-BB12-BAE14A44BAA0}.Release|Any CPU.ActiveCfg = Release|Any CPU
		{0A9514A5-463B-4668-BB12-BAE14A44BAA0}.Release|Any CPU.Build.0 = Release|Any CPU
		{539A2E81-C147-46F7-95F0-D209A5EAC695}.Debug|Any CPU.ActiveCfg = Debug|Any CPU
		{539A2E81-C147-46F7-95F0-D209A5EAC695}.Debug|Any CPU.Build.0 = Debug|Any CPU
		{539A2E81-C147-46F7-95F0-D209A5EAC695}.Release|Any CPU.ActiveCfg = Release|Any CPU
		{539A2E81-C147-46F7-95F0-D209A5EAC695}.Release|Any CPU.Build.0 = Release|Any CPU
		{64566776-6E08-4C4A-8831-FB0FA5F7CF74}.Debug|Any CPU.ActiveCfg = Debug|Any CPU
		{64566776-6E08-4C4A-8831-FB0FA5F7CF74}.Debug|Any CPU.Build.0 = Debug|Any CPU
		{64566776-6E08-4C4A-8831-FB0FA5F7CF74}.Release|Any CPU.ActiveCfg = Release|Any CPU
		{64566776-6E08-4C4A-8831-FB0FA5F7CF74}.Release|Any CPU.Build.0 = Release|Any CPU
		{4FFA25C4-3232-4A96-B865-D34D63698B0E}.Debug|Any CPU.ActiveCfg = Debug|Any CPU
		{4FFA25C4-3232-4A96-B865-D34D63698B0E}.Debug|Any CPU.Build.0 = Debug|Any CPU
		{4FFA25C4-3232-4A96-B865-D34D63698B0E}.Release|Any CPU.ActiveCfg = Release|Any CPU
		{4FFA25C4-3232-4A96-B865-D34D63698B0E}.Release|Any CPU.Build.0 = Release|Any CPU
	EndGlobalSection
	GlobalSection(SolutionProperties) = preSolution
		HideSolutionNode = FALSE
	EndGlobalSection
	GlobalSection(ExtensibilityGlobals) = postSolution
		SolutionGuid = {1CF6BDE6-AC39-4F3B-AE2E-6A67997C5887}
	EndGlobalSection
EndGlobal
